# This file is automatically @generated by Cargo.
# It is not intended for manual editing.
version = 3

[[package]]
name = "assembler"
version = "0.1.0"
dependencies = [
 "bytecode",
 "types",
]

[[package]]
name = "ast"
version = "0.1.0"
dependencies = [
 "types",
]

[[package]]
name = "builder"
version = "0.1.0"
dependencies = [
 "ast",
 "environment",
 "paste",
 "thiserror",
 "types",
]

[[package]]
name = "bytecode"
version = "0.1.0"
dependencies = [
 "types",
]

[[package]]
name = "compiler"
version = "0.1.0"
dependencies = [
 "ast",
 "builder",
 "bytecode",
 "environment",
 "lexer",
 "parser",
 "thiserror",
 "types",
]

[[package]]
name = "environment"
version = "0.1.0"
dependencies = [
 "thiserror",
 "types",
]

[[package]]
name = "interpreter"
version = "0.1.0"
dependencies = [
 "ast",
 "builder",
 "environment",
 "lexer",
 "parser",
 "thiserror",
 "types",
]

[[package]]
name = "lexer"
version = "0.1.0"
dependencies = [
 "ast",
]

[[package]]
name = "parser"
version = "0.1.0"
dependencies = [
 "ast",
 "builder",
 "environment",
 "types",
]

[[package]]
name = "paste"
version = "1.0.15"
source = "registry+https://github.com/rust-lang/crates.io-index"
checksum = "57c0d7b74b563b49d38dae00a0c37d4d6de9b432382b2892f0574ddcae73fd0a"

[[package]]
name = "proc-macro2"
version = "1.0.89"
source = "registry+https://github.com/rust-lang/crates.io-index"
checksum = "f139b0662de085916d1fb67d2b4169d1addddda1919e696f3252b740b629986e"
dependencies = [
 "unicode-ident",
]

[[package]]
name = "quote"
version = "1.0.37"
source = "registry+https://github.com/rust-lang/crates.io-index"
checksum = "b5b9d34b8991d19d98081b46eacdd8eb58c6f2b201139f7c5f643cc155a633af"
dependencies = [
 "proc-macro2",
]

[[package]]
name = "syn"
version = "2.0.87"
source = "registry+https://github.com/rust-lang/crates.io-index"
checksum = "25aa4ce346d03a6dcd68dd8b4010bcb74e54e62c90c573f394c46eae99aba32d"
dependencies = [
 "proc-macro2",
 "quote",
 "unicode-ident",
]

[[package]]
name = "thiserror"
version = "2.0.1"
source = "registry+https://github.com/rust-lang/crates.io-index"
checksum = "07c1e40dd48a282ae8edc36c732cbc219144b87fb6a4c7316d611c6b1f06ec0c"
dependencies = [
 "thiserror-impl",
]

[[package]]
name = "thiserror-impl"
version = "2.0.1"
source = "registry+https://github.com/rust-lang/crates.io-index"
checksum = "874aa7e446f1da8d9c3a5c95b1c5eb41d800045252121dc7f8e0ba370cee55f5"
dependencies = [
 "proc-macro2",
 "quote",
 "syn",
]

[[package]]
name = "types"
version = "0.1.0"
dependencies = [
 "thiserror",
]

[[package]]
name = "unicode-ident"
version = "1.0.13"
source = "registry+https://github.com/rust-lang/crates.io-index"
checksum = "e91b56cd4cadaeb79bbf1a5645f6b4f8dc5bde8834ad5894a8db35fda9efa1fe"

[[package]]
name = "vm"
version = "0.1.0"
dependencies = [
 "builder",
 "bytecode",
 "compiler",
 "environment",
 "lexer",
 "parser",
 "types",
]
