# This file is automatically @generated by Cargo.
# It is not intended for manual editing.
version = 3

[[package]]
name = "assembler"
version = "0.1.0"
dependencies = [
 "bytecode",
 "types",
]

[[package]]
name = "ast"
version = "0.1.0"
dependencies = [
 "types",
]

[[package]]
name = "bytecode"
version = "0.1.0"
dependencies = [
 "types",
]

[[package]]
name = "environment"
version = "0.1.0"
dependencies = [
 "types",
]

[[package]]
name = "interpreter"
version = "0.1.0"
dependencies = [
 "ast",
 "types",
]

[[package]]
name = "lexer"
version = "0.1.0"
dependencies = [
 "ast",
]

[[package]]
name = "parser"
version = "0.1.0"
dependencies = [
 "ast",
 "types",
]

[[package]]
name = "types"
version = "0.1.0"

[[package]]
name = "vm"
version = "0.1.0"
dependencies = [
 "bytecode",
 "types",
]
